
Microsoft Visual Studio Solution File, Format Version 12.00
# Visual Studio Version 17
VisualStudioVersion = 17.10.35122.118
MinimumVisualStudioVersion = 10.0.40219.1
Project("{FAE04EC0-301F-11D3-BF4B-00C04F79EFBC}") = "Casting_Williston_Logun", "Casting_Williston_Logun\Casting_Williston_Logun.csproj", "{3AC75E3A-DC01-46D9-8A6D-E0F2789236BD}"
EndProject
Global
	GlobalSection(SolutionConfigurationPlatforms) = preSolution
		Debug|Any CPU = Debug|Any CPU
		Release|Any CPU = Release|Any CPU
	EndGlobalSection
	GlobalSection(ProjectConfigurationPlatforms) = postSolution
		{3AC75E3A-DC01-46D9-8A6D-E0F2789236BD}.Debug|Any CPU.ActiveCfg = Debug|Any CPU
		{3AC75E3A-DC01-46D9-8A6D-E0F2789236BD}.Debug|Any CPU.Build.0 = Debug|Any CPU
		{3AC75E3A-DC01-46D9-8A6D-E0F2789236BD}.Release|Any CPU.ActiveCfg = Release|Any CPU
		{3AC75E3A-DC01-46D9-8A6D-E0F2789236BD}.Release|Any CPU.Build.0 = Release|Any CPU
	EndGlobalSection
	GlobalSection(SolutionProperties) = preSolution
		HideSolutionNode = FALSE
	EndGlobalSection
	GlobalSection(ExtensibilityGlobals) = postSolution
		SolutionGuid = {45250706-E510-40BF-91F8-0AE4BB830494}
	EndGlobalSection
EndGlobal
